
Microsoft Visual Studio Solution File, Format Version 12.00
# Visual Studio Version 17
VisualStudioVersion = 17.5.33516.290
MinimumVisualStudioVersion = 10.0.40219.1
Project("{888888A0-9F3D-457C-B088-3A5042F75D52}") = "Movie Guide Part 1", "Movie Guide Part 1.pyproj", "{E357DD95-11EA-49AB-B868-102E208E2337}"
EndProject
Global
	GlobalSection(SolutionConfigurationPlatforms) = preSolution
		Debug|Any CPU = Debug|Any CPU
		Release|Any CPU = Release|Any CPU
	EndGlobalSection
	GlobalSection(ProjectConfigurationPlatforms) = postSolution
		{E357DD95-11EA-49AB-B868-102E208E2337}.Debug|Any CPU.ActiveCfg = Debug|Any CPU
		{E357DD95-11EA-49AB-B868-102E208E2337}.Release|Any CPU.ActiveCfg = Release|Any CPU
	EndGlobalSection
	GlobalSection(SolutionProperties) = preSolution
		HideSolutionNode = FALSE
	EndGlobalSection
	GlobalSection(ExtensibilityGlobals) = postSolution
		SolutionGuid = {6F66C4B0-644C-4E12-A5C9-B8312B36A4AC}
	EndGlobalSection
EndGlobal
